
Microsoft Visual Studio Solution File, Format Version 12.00
# Visual Studio Version 17
VisualStudioVersion = 17.7.34031.279
MinimumVisualStudioVersion = 10.0.40219.1
Project("{FAE04EC0-301F-11D3-BF4B-00C04F79EFBC}") = "ProjDev220310", "ProjDev220310\ProjDev220310.csproj", "{57120BFD-22CE-40B3-93EA-F78F8D695737}"
EndProject
Global
	GlobalSection(SolutionConfigurationPlatforms) = preSolution
		Debug|Any CPU = Debug|Any CPU
		Release|Any CPU = Release|Any CPU
	EndGlobalSection
	GlobalSection(ProjectConfigurationPlatforms) = postSolution
		{57120BFD-22CE-40B3-93EA-F78F8D695737}.Debug|Any CPU.ActiveCfg = Debug|Any CPU
		{57120BFD-22CE-40B3-93EA-F78F8D695737}.Debug|Any CPU.Build.0 = Debug|Any CPU
		{57120BFD-22CE-40B3-93EA-F78F8D695737}.Release|Any CPU.ActiveCfg = Release|Any CPU
		{57120BFD-22CE-40B3-93EA-F78F8D695737}.Release|Any CPU.Build.0 = Release|Any CPU
	EndGlobalSection
	GlobalSection(SolutionProperties) = preSolution
		HideSolutionNode = FALSE
	EndGlobalSection
	GlobalSection(ExtensibilityGlobals) = postSolution
		SolutionGuid = {D6B2ECDF-719D-4120-BB12-AD08E7FE5EFE}
	EndGlobalSection
EndGlobal
